
Microsoft Visual Studio Solution File, Format Version 12.00
# Visual Studio Version 16
VisualStudioVersion = 16.0.30804.86
MinimumVisualStudioVersion = 10.0.40219.1
Project("{9A19103F-16F7-4668-BE54-9A1E7A4F7556}") = "RadicalEcho.Lib", "RadicalEcho.Lib\RadicalEcho.Lib.csproj", "{26FC1227-11BA-44D6-BD07-72720A9D24E5}"
EndProject
Project("{FAE04EC0-301F-11D3-BF4B-00C04F79EFBC}") = "RadicalEcho.Win", "RadicalEcho.Win\RadicalEcho.Win.csproj", "{A82ED3FA-4300-4E41-8F77-3427CBC80959}"
EndProject
Global
	GlobalSection(SolutionConfigurationPlatforms) = preSolution
		Debug|Any CPU = Debug|Any CPU
		Release|Any CPU = Release|Any CPU
	EndGlobalSection
	GlobalSection(ProjectConfigurationPlatforms) = postSolution
		{26FC1227-11BA-44D6-BD07-72720A9D24E5}.Debug|Any CPU.ActiveCfg = Debug|Any CPU
		{26FC1227-11BA-44D6-BD07-72720A9D24E5}.Debug|Any CPU.Build.0 = Debug|Any CPU
		{26FC1227-11BA-44D6-BD07-72720A9D24E5}.Release|Any CPU.ActiveCfg = Release|Any CPU
		{26FC1227-11BA-44D6-BD07-72720A9D24E5}.Release|Any CPU.Build.0 = Release|Any CPU
		{A82ED3FA-4300-4E41-8F77-3427CBC80959}.Debug|Any CPU.ActiveCfg = Debug|Any CPU
		{A82ED3FA-4300-4E41-8F77-3427CBC80959}.Debug|Any CPU.Build.0 = Debug|Any CPU
		{A82ED3FA-4300-4E41-8F77-3427CBC80959}.Release|Any CPU.ActiveCfg = Release|Any CPU
		{A82ED3FA-4300-4E41-8F77-3427CBC80959}.Release|Any CPU.Build.0 = Release|Any CPU
	EndGlobalSection
	GlobalSection(SolutionProperties) = preSolution
		HideSolutionNode = FALSE
	EndGlobalSection
	GlobalSection(ExtensibilityGlobals) = postSolution
		SolutionGuid = {895DCFB1-3D75-462B-B4E7-5040B55D8F95}
	EndGlobalSection
EndGlobal
